
Microsoft Visual Studio Solution File, Format Version 12.00
# Visual Studio 14
VisualStudioVersion = 14.0.25123.0
MinimumVisualStudioVersion = 10.0.40219.1
Project("{FAE04EC0-301F-11D3-BF4B-00C04F79EFBC}") = "UniBoot", "UnniBoot\UniBoot.csproj", "{B30C5B57-412A-4B7A-9920-EBAFCA9172D4}"
EndProject
Project("{FAE04EC0-301F-11D3-BF4B-00C04F79EFBC}") = "Model", "Model\Model.csproj", "{F50C9A30-B3C7-4DDA-BE9B-E671D4FAE6C9}"
EndProject
Project("{FAE04EC0-301F-11D3-BF4B-00C04F79EFBC}") = "Common", "Common\Common.csproj", "{CCE20BEB-69C9-4858-B901-123812033DE8}"
EndProject
Project("{FAE04EC0-301F-11D3-BF4B-00C04F79EFBC}") = "StaticResource", "StaticResource\StaticResource.csproj", "{0FFDD848-ED9D-4608-B967-46B307B48203}"
EndProject
Global
	GlobalSection(SolutionConfigurationPlatforms) = preSolution
		Debug|Any CPU = Debug|Any CPU
		Release|Any CPU = Release|Any CPU
	EndGlobalSection
	GlobalSection(ProjectConfigurationPlatforms) = postSolution
		{B30C5B57-412A-4B7A-9920-EBAFCA9172D4}.Debug|Any CPU.ActiveCfg = Debug|Any CPU
		{B30C5B57-412A-4B7A-9920-EBAFCA9172D4}.Debug|Any CPU.Build.0 = Debug|Any CPU
		{B30C5B57-412A-4B7A-9920-EBAFCA9172D4}.Release|Any CPU.ActiveCfg = Release|Any CPU
		{B30C5B57-412A-4B7A-9920-EBAFCA9172D4}.Release|Any CPU.Build.0 = Release|Any CPU
		{F50C9A30-B3C7-4DDA-BE9B-E671D4FAE6C9}.Debug|Any CPU.ActiveCfg = Debug|Any CPU
		{F50C9A30-B3C7-4DDA-BE9B-E671D4FAE6C9}.Debug|Any CPU.Build.0 = Debug|Any CPU
		{F50C9A30-B3C7-4DDA-BE9B-E671D4FAE6C9}.Release|Any CPU.ActiveCfg = Release|Any CPU
		{F50C9A30-B3C7-4DDA-BE9B-E671D4FAE6C9}.Release|Any CPU.Build.0 = Release|Any CPU
		{CCE20BEB-69C9-4858-B901-123812033DE8}.Debug|Any CPU.ActiveCfg = Debug|Any CPU
		{CCE20BEB-69C9-4858-B901-123812033DE8}.Debug|Any CPU.Build.0 = Debug|Any CPU
		{CCE20BEB-69C9-4858-B901-123812033DE8}.Release|Any CPU.ActiveCfg = Release|Any CPU
		{CCE20BEB-69C9-4858-B901-123812033DE8}.Release|Any CPU.Build.0 = Release|Any CPU
		{0FFDD848-ED9D-4608-B967-46B307B48203}.Debug|Any CPU.ActiveCfg = Debug|Any CPU
		{0FFDD848-ED9D-4608-B967-46B307B48203}.Debug|Any CPU.Build.0 = Debug|Any CPU
		{0FFDD848-ED9D-4608-B967-46B307B48203}.Release|Any CPU.ActiveCfg = Release|Any CPU
		{0FFDD848-ED9D-4608-B967-46B307B48203}.Release|Any CPU.Build.0 = Release|Any CPU
	EndGlobalSection
	GlobalSection(SolutionProperties) = preSolution
		HideSolutionNode = FALSE
	EndGlobalSection
EndGlobal
